
Microsoft Visual Studio Solution File, Format Version 12.00
# Visual Studio 15
VisualStudioVersion = 15.0.27130.2026
MinimumVisualStudioVersion = 10.0.40219.1
Project("{F2A71F9B-5D33-465A-A702-920D77279786}") = "Titanic", "Titanic\Titanic.fsproj", "{97B631B8-AC3D-4F56-BBB9-03AE26403C50}"
EndProject
Global
	GlobalSection(SolutionConfigurationPlatforms) = preSolution
		Debug|Any CPU = Debug|Any CPU
		Release|Any CPU = Release|Any CPU
	EndGlobalSection
	GlobalSection(ProjectConfigurationPlatforms) = postSolution
		{97B631B8-AC3D-4F56-BBB9-03AE26403C50}.Debug|Any CPU.ActiveCfg = Debug|Any CPU
		{97B631B8-AC3D-4F56-BBB9-03AE26403C50}.Debug|Any CPU.Build.0 = Debug|Any CPU
		{97B631B8-AC3D-4F56-BBB9-03AE26403C50}.Release|Any CPU.ActiveCfg = Release|Any CPU
		{97B631B8-AC3D-4F56-BBB9-03AE26403C50}.Release|Any CPU.Build.0 = Release|Any CPU
	EndGlobalSection
	GlobalSection(SolutionProperties) = preSolution
		HideSolutionNode = FALSE
	EndGlobalSection
	GlobalSection(ExtensibilityGlobals) = postSolution
		SolutionGuid = {9D50A73C-BC8A-4CD6-A782-914AB3EAF142}
	EndGlobalSection
EndGlobal
